
Microsoft Visual Studio Solution File, Format Version 12.00
# Visual Studio 15
VisualStudioVersion = 15.0.28010.2041
MinimumVisualStudioVersion = 10.0.40219.1
Project("{FAE04EC0-301F-11D3-BF4B-00C04F79EFBC}") = "ContosoUni", "ContosoUni\ContosoUni.csproj", "{E012B48B-5C77-4B8C-9101-DA13E830D76B}"
EndProject
Global
	GlobalSection(SolutionConfigurationPlatforms) = preSolution
		Debug|Any CPU = Debug|Any CPU
		Release|Any CPU = Release|Any CPU
	EndGlobalSection
	GlobalSection(ProjectConfigurationPlatforms) = postSolution
		{E012B48B-5C77-4B8C-9101-DA13E830D76B}.Debug|Any CPU.ActiveCfg = Debug|Any CPU
		{E012B48B-5C77-4B8C-9101-DA13E830D76B}.Debug|Any CPU.Build.0 = Debug|Any CPU
		{E012B48B-5C77-4B8C-9101-DA13E830D76B}.Release|Any CPU.ActiveCfg = Release|Any CPU
		{E012B48B-5C77-4B8C-9101-DA13E830D76B}.Release|Any CPU.Build.0 = Release|Any CPU
	EndGlobalSection
	GlobalSection(SolutionProperties) = preSolution
		HideSolutionNode = FALSE
	EndGlobalSection
	GlobalSection(ExtensibilityGlobals) = postSolution
		SolutionGuid = {B826E1B9-CEF0-4E7D-9706-0584BDB341D7}
	EndGlobalSection
EndGlobal
